name: Update flake.lock

on:
  schedule:
    - cron: "0 */6 * * *"
  workflow_dispatch:

jobs:
  update:
    name: Update flake.lock and open PR
    runs-on: ubuntu-latest
    permissions:
      contents: write
      pull-requests: write
    steps:
      - name: Check out source
        uses: actions/checkout@v7

      - name: Install Nix
        uses: DeterminateSystems/nix-installer-action@main
        with:
          extra-conf: access-tokens = github.com=${{ secrets.GITHUB_TOKEN }}

      - name: Update flake.lock
        uses: DeterminateSystems/update-flake-lock@main
        with:
          token: ${{ secrets.GITHUB_TOKEN }}
